
Microsoft Visual Studio Solution File, Format Version 12.00
# Visual Studio Version 16
VisualStudioVersion = 16.0.33423.256
MinimumVisualStudioVersion = 10.0.40219.1
Project("{8BC9CEB8-8B4A-11D0-8D11-00A0C91BC942}") = "New_Source_0309", "New_Source_0309.vcxproj", "{C27DB52F-EA25-4325-AAC1-D3B9BED83D51}"
EndProject
Global
	GlobalSection(SolutionConfigurationPlatforms) = preSolution
		Debug|x64 = Debug|x64
		Debug|x86 = Debug|x86
		Release|x64 = Release|x64
		Release|x86 = Release|x86
	EndGlobalSection
	GlobalSection(ProjectConfigurationPlatforms) = postSolution
		{C27DB52F-EA25-4325-AAC1-D3B9BED83D51}.Debug|x64.ActiveCfg = Debug|x64
		{C27DB52F-EA25-4325-AAC1-D3B9BED83D51}.Debug|x64.Build.0 = Debug|x64
		{C27DB52F-EA25-4325-AAC1-D3B9BED83D51}.Debug|x86.ActiveCfg = Debug|Win32
		{C27DB52F-EA25-4325-AAC1-D3B9BED83D51}.Debug|x86.Build.0 = Debug|Win32
		{C27DB52F-EA25-4325-AAC1-D3B9BED83D51}.Release|x64.ActiveCfg = Release|x64
		{C27DB52F-EA25-4325-AAC1-D3B9BED83D51}.Release|x64.Build.0 = Release|x64
		{C27DB52F-EA25-4325-AAC1-D3B9BED83D51}.Release|x86.ActiveCfg = Release|Win32
		{C27DB52F-EA25-4325-AAC1-D3B9BED83D51}.Release|x86.Build.0 = Release|Win32
	EndGlobalSection
	GlobalSection(SolutionProperties) = preSolution
		HideSolutionNode = FALSE
	EndGlobalSection
	GlobalSection(ExtensibilityGlobals) = postSolution
		SolutionGuid = {3CE581C8-CECE-4DE0-8B23-82A4E35A1CD4}
	EndGlobalSection
EndGlobal
